
Microsoft Visual Studio Solution File, Format Version 12.00
# Visual Studio 15
VisualStudioVersion = 15.0.27130.2027
MinimumVisualStudioVersion = 10.0.40219.1
Project("{FAE04EC0-301F-11D3-BF4B-00C04F79EFBC}") = "SeminarskiRad", "SeminarskiRad\SeminarskiRad.csproj", "{92884AAE-56EE-43DB-84A0-BF379FEE7421}"
EndProject
Global
	GlobalSection(SolutionConfigurationPlatforms) = preSolution
		Debug|Any CPU = Debug|Any CPU
		Release|Any CPU = Release|Any CPU
	EndGlobalSection
	GlobalSection(ProjectConfigurationPlatforms) = postSolution
		{92884AAE-56EE-43DB-84A0-BF379FEE7421}.Debug|Any CPU.ActiveCfg = Debug|Any CPU
		{92884AAE-56EE-43DB-84A0-BF379FEE7421}.Debug|Any CPU.Build.0 = Debug|Any CPU
		{92884AAE-56EE-43DB-84A0-BF379FEE7421}.Release|Any CPU.ActiveCfg = Release|Any CPU
		{92884AAE-56EE-43DB-84A0-BF379FEE7421}.Release|Any CPU.Build.0 = Release|Any CPU
	EndGlobalSection
	GlobalSection(SolutionProperties) = preSolution
		HideSolutionNode = FALSE
	EndGlobalSection
	GlobalSection(ExtensibilityGlobals) = postSolution
		SolutionGuid = {B5FCA1CF-B904-424C-B5A2-658AD10CD383}
	EndGlobalSection
EndGlobal
